{
  "name": "codex-usage",
  "version": "0.1.0",
  "lockfileVersion": 3,
  "requires": true,
  "packages": {
    "": {
      "name": "codex-usage",
      "version": "0.1.0",
      "license": "MIT",
      "bin": {
        "codex-token-usage": "bin/codex-token-usage.mjs"
      },
      "engines": {
        "node": ">=22"
      }
    }
  }
}
